// !$*UTF8*$!
{
	archiveVersion = 1;
	classes = {
	};
	objectVersion = 54;
	objects = {

/* Begin PBXBuildFile section */
		092AE5153530335310F970D2 /* MarkdownSourceTextView.swift in Sources */ = {isa = PBXBuildFile; fileRef = 437EB39A577C8748E86A603E /* MarkdownSourceTextView.swift */; };
		0E2F3A41D5126595F9F89BEF /* CloseProtection.swift in Sources */ = {isa = PBXBuildFile; fileRef = B16B2F5FC7DBD55D18740806 /* CloseProtection.swift */; };
		11CAB4D346C4E14647905D2C /* ProjectNavigatorViewController+OutlineTableViewCellDelegate.swift in Sources */ = {isa = PBXBuildFile; fileRef = 8747D4D06D7DFF4951EA81BE /* ProjectNavigatorViewController+OutlineTableViewCellDelegate.swift */; };
		17AA8CAE714DA3BD729D6700 /* GlacierApp.swift in Sources */ = {isa = PBXBuildFile; fileRef = 5944FC51D64A920B0E52E5F0 /* GlacierApp.swift */; };
		26E37FC3639099962A77591E /* SyntaxHighlighter.swift in Sources */ = {isa = PBXBuildFile; fileRef = 1D18FBC0FF11123033274329 /* SyntaxHighlighter.swift */; };
		291F2D96F367554658A29921 /* CEWorkspaceFile.swift in Sources */ = {isa = PBXBuildFile; fileRef = 4D8BD63D067881BEA07D20CA /* CEWorkspaceFile.swift */; };
		2A4702E37E4FC2E93A17C393 /* excalidraw.min.js in Resources */ = {isa = PBXBuildFile; fileRef = 624C6EB480F5ACF0DA3AE052 /* excalidraw.min.js */; };
		2C954F4E126957730B15E04A /* Theme.swift in Sources */ = {isa = PBXBuildFile; fileRef = 01ED4B70F8C1994C7F03C137 /* Theme.swift */; };
		2F2C86432E6702D3D43A0DF3 /* SidebarHost.swift in Sources */ = {isa = PBXBuildFile; fileRef = 50B7EDB6668EF9B08963F6F2 /* SidebarHost.swift */; };
		3801D7A29E111553A0DE6F01 /* TextEditorView.swift in Sources */ = {isa = PBXBuildFile; fileRef = A47CBAE36C3E3C8F27FFF08C /* TextEditorView.swift */; };
		441C2863B2D58D883B160C5C /* ExcalidrawViewer.swift in Sources */ = {isa = PBXBuildFile; fileRef = AD93BCF96F8E85B00F773337 /* ExcalidrawViewer.swift */; };
		486363E60CC90163FBA37CF1 /* MarkwhenViewer.swift in Sources */ = {isa = PBXBuildFile; fileRef = 08B57A35779CE554895583FD /* MarkwhenViewer.swift */; };
		48B0354A4DBC5AF642B737C7 /* MarkdownPreviewView.swift in Sources */ = {isa = PBXBuildFile; fileRef = 867E85D4AAF4156C80D6179F /* MarkdownPreviewView.swift */; };
		4976F1FE12DB6E8D19B21FF3 /* Assets.xcassets in Resources */ = {isa = PBXBuildFile; fileRef = A99E9311E7D20849B09A27D0 /* Assets.xcassets */; };
		4A7E90682365AA3E9308567F /* SwiftTerm in Frameworks */ = {isa = PBXBuildFile; productRef = 7613E683B9B6635224D3B6A3 /* SwiftTerm */; };
		5396CB54C1F070ECCAD813CB /* ProjectNavigatorViewController.swift in Sources */ = {isa = PBXBuildFile; fileRef = 52CE98B3AC056372EBC0D8C1 /* ProjectNavigatorViewController.swift */; };
		5ABADD52AE8E7A50014B3FF5 /* TerminalView.swift in Sources */ = {isa = PBXBuildFile; fileRef = C82C2FB5AB2DFE9AFBAD8305 /* TerminalView.swift */; };
		5F2E9526B99CBEC86091EB90 /* WindowConfigurator.swift in Sources */ = {isa = PBXBuildFile; fileRef = 6D8E8CF3EC6157DE36450FAE /* WindowConfigurator.swift */; };
		609281CF16DD8030B821F72B /* TerminalViewCache.swift in Sources */ = {isa = PBXBuildFile; fileRef = 27E564E480C4BD29A5AD46CC /* TerminalViewCache.swift */; };
		652D9030B6C14091D48D31A9 /* react-dom.min.js in Resources */ = {isa = PBXBuildFile; fileRef = 9473C6D8C1A5E7EBD9E4230D /* react-dom.min.js */; };
		6583AF77B9E9B47EC7414435 /* CEWorkspaceFileManager+FileManagement.swift in Sources */ = {isa = PBXBuildFile; fileRef = A68A9003D85E44EEC8312C8B /* CEWorkspaceFileManager+FileManagement.swift */; };
		66E686EFCC52B01B5152BFE0 /* FileService.swift in Sources */ = {isa = PBXBuildFile; fileRef = 4576EACAE58F9517F77555F0 /* FileService.swift */; };
		6EE5FB445E29ECE1B63EC018 /* ProjectNavigatorViewController+NSMenuDelegate.swift in Sources */ = {isa = PBXBuildFile; fileRef = FD16E5ED6167806BBF67DE17 /* ProjectNavigatorViewController+NSMenuDelegate.swift */; };
		709E65302571743A0A926681 /* CEWorkspaceFileManager+DirectoryEvents.swift in Sources */ = {isa = PBXBuildFile; fileRef = 0B2FFCCD2A7E2106D85209B0 /* CEWorkspaceFileManager+DirectoryEvents.swift */; };
		71A63D9F94BC4DE15D639984 /* FocusedAppState.swift in Sources */ = {isa = PBXBuildFile; fileRef = EC85B918140EBDA7A4BAFD8D /* FocusedAppState.swift */; };
		779EBCEE08533E2847A2A7FC /* GlacierCommands.swift in Sources */ = {isa = PBXBuildFile; fileRef = E12F526BF85595F4F2377633 /* GlacierCommands.swift */; };
		7F3295DBCA75CFB816671B56 /* DebugUITest.swift in Sources */ = {isa = PBXBuildFile; fileRef = F80AC125D3152A7106A12278 /* DebugUITest.swift */; };
		80A452956949A5B358E00437 /* DirectoryEventStream.swift in Sources */ = {isa = PBXBuildFile; fileRef = 4F1804E67C0C272D606AAF2B /* DirectoryEventStream.swift */; };
		81B5FD6BCF403DA00ED8C1F8 /* ProjectNavigatorMenuActions.swift in Sources */ = {isa = PBXBuildFile; fileRef = A12DC6770E2AB95E55F015D4 /* ProjectNavigatorMenuActions.swift */; };
		86780A6E803E66D9C7B5C566 /* GitGraphScreenshotTests.swift in Sources */ = {isa = PBXBuildFile; fileRef = 13B0D61C62ECFEB156627C8F /* GitGraphScreenshotTests.swift */; };
		8955035E6CA783D4A80D5044 /* MarkdownUI in Frameworks */ = {isa = PBXBuildFile; productRef = 99F0BD586EDD71AFD30060D7 /* MarkdownUI */; };
		8AFD9A9AF4CCCC5D1AF4A30B /* FileTreeHotReloadTests.swift in Sources */ = {isa = PBXBuildFile; fileRef = 0D81BBD5295115516404E8E3 /* FileTreeHotReloadTests.swift */; };
		9152FE11163F516D585FA849 /* excalidraw.html in Resources */ = {isa = PBXBuildFile; fileRef = D8220CB15037D5F5636A2863 /* excalidraw.html */; };
		92C21F2F5BA2F1D184D5E142 /* LocalFileImageProvider.swift in Sources */ = {isa = PBXBuildFile; fileRef = 2DD709CA26EBB6B19BFEFA3E /* LocalFileImageProvider.swift */; };
		939FFD364A1F541038A0B479 /* ContentView.swift in Sources */ = {isa = PBXBuildFile; fileRef = B52D6AAC9967E2036F524B91 /* ContentView.swift */; };
		978D445809AD3EF3FED7B552 /* AppState.swift in Sources */ = {isa = PBXBuildFile; fileRef = CF5BDA0D91882E19997A60C4 /* AppState.swift */; };
		9946E9550F93000A989EE753 /* VideoViewerView.swift in Sources */ = {isa = PBXBuildFile; fileRef = 1E97B9A4AC248E009726AB21 /* VideoViewerView.swift */; };
		9A7BF0A8BBF368DB731D0B98 /* ImageViewerView.swift in Sources */ = {isa = PBXBuildFile; fileRef = 514C6B81CB9C5AA52346DB3E /* ImageViewerView.swift */; };
		9C4206182A5173ED1DDF1213 /* CEWorkspaceFile+Recursion.swift in Sources */ = {isa = PBXBuildFile; fileRef = FA0CCCF7EE301B668EC74F41 /* CEWorkspaceFile+Recursion.swift */; };
		9C903CDCE697EB106550775E /* WorkspaceSwitcherView.swift in Sources */ = {isa = PBXBuildFile; fileRef = A29835D7429DEB0C2E24968D /* WorkspaceSwitcherView.swift */; };
		9CCCE74E801685099345E041 /* FileTypeRegistry.swift in Sources */ = {isa = PBXBuildFile; fileRef = 6F637D0BFFB5C3A06AC1555C /* FileTypeRegistry.swift */; };
		9E8073F11196A309F96DA380 /* GlacierUITests.swift in Sources */ = {isa = PBXBuildFile; fileRef = 214D16911A5FB7FC000483E8 /* GlacierUITests.swift */; };
		9EE4F8D1E4C6B1FCAE4EE521 /* FileItem.swift in Sources */ = {isa = PBXBuildFile; fileRef = B62D358B4D39E089035D5C94 /* FileItem.swift */; };
		A2D5752276D6B50A4912BED8 /* TextTableViewCell.swift in Sources */ = {isa = PBXBuildFile; fileRef = A73C01126192D6B821C3FBE1 /* TextTableViewCell.swift */; };
		A3A06F57A48C0D68D12F3886 /* Bonsplit in Frameworks */ = {isa = PBXBuildFile; productRef = E174CFBECB932DECB41F68EA /* Bonsplit */; };
		A5F353AA797B01E6ACA1AB81 /* FileSystemTableViewCell.swift in Sources */ = {isa = PBXBuildFile; fileRef = DC7D6AFAD4DB46FB80650193 /* FileSystemTableViewCell.swift */; };
		ADF46CC7F5D9737058772A88 /* markwhen.html in Resources */ = {isa = PBXBuildFile; fileRef = 05B63625B790B145C2A415C4 /* markwhen.html */; };
		AF7865A52A536343A2C2059E /* WorkspaceStore.swift in Sources */ = {isa = PBXBuildFile; fileRef = DADED67C8C1FA96929228E8E /* WorkspaceStore.swift */; };
		B20E90708476063002B5CBAD /* CEWorkspaceFileIcon.swift in Sources */ = {isa = PBXBuildFile; fileRef = 873020AABC1F3C56184EFFC8 /* CEWorkspaceFileIcon.swift */; };
		B8EC9AB191E072589920AEAA /* ProjectNavigatorMenu.swift in Sources */ = {isa = PBXBuildFile; fileRef = F3F6A5D372E2CFEC9B0870A6 /* ProjectNavigatorMenu.swift */; };
		BB6CB2866BA17826D3EAA109 /* ProjectNavigatorViewController+NSOutlineViewDelegate.swift in Sources */ = {isa = PBXBuildFile; fileRef = 19CA19F774EC7A60A361E5A2 /* ProjectNavigatorViewController+NSOutlineViewDelegate.swift */; };
		BBBF864E4057B1D41C4ADE5D /* ExplorerView.swift in Sources */ = {isa = PBXBuildFile; fileRef = 623249D019FA8412880434CB /* ExplorerView.swift */; };
		BFD1E3B65277BED37735FC1A /* ProjectNavigatorTableViewCell.swift in Sources */ = {isa = PBXBuildFile; fileRef = 346AA22F51400F6E4139A547 /* ProjectNavigatorTableViewCell.swift */; };
		C32BDFB0AFEB2BFF1B35B299 /* MarkdownEditor in Frameworks */ = {isa = PBXBuildFile; productRef = 11B4DDFDE6DA19E65DD5D99B /* MarkdownEditor */; };
		CAE03A9BF58603515DC4C5E1 /* react.min.js in Resources */ = {isa = PBXBuildFile; fileRef = 4AB76542D0D42359BD5CB051 /* react.min.js */; };
		D374AF32D211D0442ED8C2BF /* CEWorkspaceFileManager+Error.swift in Sources */ = {isa = PBXBuildFile; fileRef = 45FA871BA50F9EC456696EF1 /* CEWorkspaceFileManager+Error.swift */; };
		D4A2C2AD9B128971DEFAE880 /* FileViewerRouter.swift in Sources */ = {isa = PBXBuildFile; fileRef = E9FC3C49D5662DFF52FB6D2D /* FileViewerRouter.swift */; };
		D888BD036662E680AD04C1C1 /* CEWorkspaceFileManager.swift in Sources */ = {isa = PBXBuildFile; fileRef = 009701A9AFAE94A8D3AD0701 /* CEWorkspaceFileManager.swift */; };
		DD3B40C53ADCE702E0B8D654 /* MainContentArea.swift in Sources */ = {isa = PBXBuildFile; fileRef = B64386233001CAFCDF131C27 /* MainContentArea.swift */; };
		E0DDD3F98649C0EFD926E828 /* GuardedTerminalView.swift in Sources */ = {isa = PBXBuildFile; fileRef = E9131023EDD37258AA6A8443 /* GuardedTerminalView.swift */; };
		E272E5E6331C5F5B03EB3734 /* ProjectNavigatorViewController+NSOutlineViewDataSource.swift in Sources */ = {isa = PBXBuildFile; fileRef = 41CEBE8CFB08BDAAA22E4737 /* ProjectNavigatorViewController+NSOutlineViewDataSource.swift */; };
		E36D3FD562393FACA81A135F /* ProjectNavigatorNSOutlineView.swift in Sources */ = {isa = PBXBuildFile; fileRef = C3F5DDEA2D3D7412B802DC7E /* ProjectNavigatorNSOutlineView.swift */; };
		E9B15CC4646E60DBF9C5FEA2 /* PDFViewerView.swift in Sources */ = {isa = PBXBuildFile; fileRef = 57BF7FC57F6055A25AC0814C /* PDFViewerView.swift */; };
		EEC2B562198FDA4BD86B3D83 /* BonsplitBridge.swift in Sources */ = {isa = PBXBuildFile; fileRef = A73F3A06EFD58F9BB49939AB /* BonsplitBridge.swift */; };
		F4363502A8B5B4B334A4A3C0 /* TerminalSession.swift in Sources */ = {isa = PBXBuildFile; fileRef = DDD4F14EF005E20E271FAC11 /* TerminalSession.swift */; };
		F5AC0DC03770970FB13C8413 /* ProjectNavigatorOutlineView.swift in Sources */ = {isa = PBXBuildFile; fileRef = 73963AF80EF55ECD6CBB5769 /* ProjectNavigatorOutlineView.swift */; };
		F98C4CA11A23A1B10B4706F4 /* StandardTableViewCell.swift in Sources */ = {isa = PBXBuildFile; fileRef = DD46153570F741B9AC84FF17 /* StandardTableViewCell.swift */; };
/* End PBXBuildFile section */

/* Begin PBXContainerItemProxy section */
		0F85BEC567576C00F6773BD0 /* PBXContainerItemProxy */ = {
			isa = PBXContainerItemProxy;
			containerPortal = AF54EF5E4ABFD35DF2BFDB32 /* Project object */;
			proxyType = 1;
			remoteGlobalIDString = 7670F3100B27B0C7938766C0;
			remoteInfo = Glacier;
		};
/* End PBXContainerItemProxy section */

/* Begin PBXFileReference section */
		009701A9AFAE94A8D3AD0701 /* CEWorkspaceFileManager.swift */ = {isa = PBXFileReference; lastKnownFileType = sourcecode.swift; path = CEWorkspaceFileManager.swift; sourceTree = "<group>"; };
		01ED4B70F8C1994C7F03C137 /* Theme.swift */ = {isa = PBXFileReference; lastKnownFileType = sourcecode.swift; path = Theme.swift; sourceTree = "<group>"; };
		05B63625B790B145C2A415C4 /* markwhen.html */ = {isa = PBXFileReference; lastKnownFileType = text.html; path = markwhen.html; sourceTree = "<group>"; };
		08B57A35779CE554895583FD /* MarkwhenViewer.swift */ = {isa = PBXFileReference; lastKnownFileType = sourcecode.swift; path = MarkwhenViewer.swift; sourceTree = "<group>"; };
		0B2FFCCD2A7E2106D85209B0 /* CEWorkspaceFileManager+DirectoryEvents.swift */ = {isa = PBXFileReference; lastKnownFileType = sourcecode.swift; path = "CEWorkspaceFileManager+DirectoryEvents.swift"; sourceTree = "<group>"; };
		0D81BBD5295115516404E8E3 /* FileTreeHotReloadTests.swift */ = {isa = PBXFileReference; lastKnownFileType = sourcecode.swift; path = FileTreeHotReloadTests.swift; sourceTree = "<group>"; };
		13B0D61C62ECFEB156627C8F /* GitGraphScreenshotTests.swift */ = {isa = PBXFileReference; lastKnownFileType = sourcecode.swift; path = GitGraphScreenshotTests.swift; sourceTree = "<group>"; };
		19CA19F774EC7A60A361E5A2 /* ProjectNavigatorViewController+NSOutlineViewDelegate.swift */ = {isa = PBXFileReference; lastKnownFileType = sourcecode.swift; path = "ProjectNavigatorViewController+NSOutlineViewDelegate.swift"; sourceTree = "<group>"; };
		1A17D79AB8D032901E5BCB73 /* MarkdownEditor */ = {isa = PBXFileReference; lastKnownFileType = folder; name = MarkdownEditor; path = Packages/MarkdownEditor; sourceTree = SOURCE_ROOT; };
		1D18FBC0FF11123033274329 /* SyntaxHighlighter.swift */ = {isa = PBXFileReference; lastKnownFileType = sourcecode.swift; path = SyntaxHighlighter.swift; sourceTree = "<group>"; };
		1E97B9A4AC248E009726AB21 /* VideoViewerView.swift */ = {isa = PBXFileReference; lastKnownFileType = sourcecode.swift; path = VideoViewerView.swift; sourceTree = "<group>"; };
		214D16911A5FB7FC000483E8 /* GlacierUITests.swift */ = {isa = PBXFileReference; lastKnownFileType = sourcecode.swift; path = GlacierUITests.swift; sourceTree = "<group>"; };
		27E564E480C4BD29A5AD46CC /* TerminalViewCache.swift */ = {isa = PBXFileReference; lastKnownFileType = sourcecode.swift; path = TerminalViewCache.swift; sourceTree = "<group>"; };
		29A928CAF4BF8420D26624D4 /* Info.plist */ = {isa = PBXFileReference; lastKnownFileType = text.plist; path = Info.plist; sourceTree = "<group>"; };
		2DD709CA26EBB6B19BFEFA3E /* LocalFileImageProvider.swift */ = {isa = PBXFileReference; lastKnownFileType = sourcecode.swift; path = LocalFileImageProvider.swift; sourceTree = "<group>"; };
		346AA22F51400F6E4139A547 /* ProjectNavigatorTableViewCell.swift */ = {isa = PBXFileReference; lastKnownFileType = sourcecode.swift; path = ProjectNavigatorTableViewCell.swift; sourceTree = "<group>"; };
		41CEBE8CFB08BDAAA22E4737 /* ProjectNavigatorViewController+NSOutlineViewDataSource.swift */ = {isa = PBXFileReference; lastKnownFileType = sourcecode.swift; path = "ProjectNavigatorViewController+NSOutlineViewDataSource.swift"; sourceTree = "<group>"; };
		437EB39A577C8748E86A603E /* MarkdownSourceTextView.swift */ = {isa = PBXFileReference; lastKnownFileType = sourcecode.swift; path = MarkdownSourceTextView.swift; sourceTree = "<group>"; };
		4576EACAE58F9517F77555F0 /* FileService.swift */ = {isa = PBXFileReference; lastKnownFileType = sourcecode.swift; path = FileService.swift; sourceTree = "<group>"; };
		45FA871BA50F9EC456696EF1 /* CEWorkspaceFileManager+Error.swift */ = {isa = PBXFileReference; lastKnownFileType = sourcecode.swift; path = "CEWorkspaceFileManager+Error.swift"; sourceTree = "<group>"; };
		4AB76542D0D42359BD5CB051 /* react.min.js */ = {isa = PBXFileReference; lastKnownFileType = sourcecode.javascript; path = react.min.js; sourceTree = "<group>"; };
		4D8BD63D067881BEA07D20CA /* CEWorkspaceFile.swift */ = {isa = PBXFileReference; lastKnownFileType = sourcecode.swift; path = CEWorkspaceFile.swift; sourceTree = "<group>"; };
		4F1804E67C0C272D606AAF2B /* DirectoryEventStream.swift */ = {isa = PBXFileReference; lastKnownFileType = sourcecode.swift; path = DirectoryEventStream.swift; sourceTree = "<group>"; };
		50B7EDB6668EF9B08963F6F2 /* SidebarHost.swift */ = {isa = PBXFileReference; lastKnownFileType = sourcecode.swift; path = SidebarHost.swift; sourceTree = "<group>"; };
		514C6B81CB9C5AA52346DB3E /* ImageViewerView.swift */ = {isa = PBXFileReference; lastKnownFileType = sourcecode.swift; path = ImageViewerView.swift; sourceTree = "<group>"; };
		525B6E4CCA234E9F6D2D7EE2 /* Glacier.entitlements */ = {isa = PBXFileReference; lastKnownFileType = text.plist.entitlements; path = Glacier.entitlements; sourceTree = "<group>"; };
		52CE98B3AC056372EBC0D8C1 /* ProjectNavigatorViewController.swift */ = {isa = PBXFileReference; lastKnownFileType = sourcecode.swift; path = ProjectNavigatorViewController.swift; sourceTree = "<group>"; };
		57BF7FC57F6055A25AC0814C /* PDFViewerView.swift */ = {isa = PBXFileReference; lastKnownFileType = sourcecode.swift; path = PDFViewerView.swift; sourceTree = "<group>"; };
		5944FC51D64A920B0E52E5F0 /* GlacierApp.swift */ = {isa = PBXFileReference; lastKnownFileType = sourcecode.swift; path = GlacierApp.swift; sourceTree = "<group>"; };
		623249D019FA8412880434CB /* ExplorerView.swift */ = {isa = PBXFileReference; lastKnownFileType = sourcecode.swift; path = ExplorerView.swift; sourceTree = "<group>"; };
		624C6EB480F5ACF0DA3AE052 /* excalidraw.min.js */ = {isa = PBXFileReference; lastKnownFileType = sourcecode.javascript; path = excalidraw.min.js; sourceTree = "<group>"; };
		6D8E8CF3EC6157DE36450FAE /* WindowConfigurator.swift */ = {isa = PBXFileReference; lastKnownFileType = sourcecode.swift; path = WindowConfigurator.swift; sourceTree = "<group>"; };
		6F637D0BFFB5C3A06AC1555C /* FileTypeRegistry.swift */ = {isa = PBXFileReference; lastKnownFileType = sourcecode.swift; path = FileTypeRegistry.swift; sourceTree = "<group>"; };
		73963AF80EF55ECD6CBB5769 /* ProjectNavigatorOutlineView.swift */ = {isa = PBXFileReference; lastKnownFileType = sourcecode.swift; path = ProjectNavigatorOutlineView.swift; sourceTree = "<group>"; };
		798B7369CB1C69CD948799C7 /* Info.plist */ = {isa = PBXFileReference; lastKnownFileType = text.plist; path = Info.plist; sourceTree = "<group>"; };
		867E85D4AAF4156C80D6179F /* MarkdownPreviewView.swift */ = {isa = PBXFileReference; lastKnownFileType = sourcecode.swift; path = MarkdownPreviewView.swift; sourceTree = "<group>"; };
		873020AABC1F3C56184EFFC8 /* CEWorkspaceFileIcon.swift */ = {isa = PBXFileReference; lastKnownFileType = sourcecode.swift; path = CEWorkspaceFileIcon.swift; sourceTree = "<group>"; };
		8747D4D06D7DFF4951EA81BE /* ProjectNavigatorViewController+OutlineTableViewCellDelegate.swift */ = {isa = PBXFileReference; lastKnownFileType = sourcecode.swift; path = "ProjectNavigatorViewController+OutlineTableViewCellDelegate.swift"; sourceTree = "<group>"; };
		8D84D6DA96169DD668395E25 /* Glacier.app */ = {isa = PBXFileReference; explicitFileType = wrapper.application; includeInIndex = 0; path = Glacier.app; sourceTree = BUILT_PRODUCTS_DIR; };
		9473C6D8C1A5E7EBD9E4230D /* react-dom.min.js */ = {isa = PBXFileReference; lastKnownFileType = sourcecode.javascript; path = "react-dom.min.js"; sourceTree = "<group>"; };
		A12DC6770E2AB95E55F015D4 /* ProjectNavigatorMenuActions.swift */ = {isa = PBXFileReference; lastKnownFileType = sourcecode.swift; path = ProjectNavigatorMenuActions.swift; sourceTree = "<group>"; };
		A29835D7429DEB0C2E24968D /* WorkspaceSwitcherView.swift */ = {isa = PBXFileReference; lastKnownFileType = sourcecode.swift; path = WorkspaceSwitcherView.swift; sourceTree = "<group>"; };
		A47CBAE36C3E3C8F27FFF08C /* TextEditorView.swift */ = {isa = PBXFileReference; lastKnownFileType = sourcecode.swift; path = TextEditorView.swift; sourceTree = "<group>"; };
		A64424275D2FFF6780CBB0D8 /* GlacierUITests.xctest */ = {isa = PBXFileReference; explicitFileType = wrapper.cfbundle; includeInIndex = 0; path = GlacierUITests.xctest; sourceTree = BUILT_PRODUCTS_DIR; };
		A68A9003D85E44EEC8312C8B /* CEWorkspaceFileManager+FileManagement.swift */ = {isa = PBXFileReference; lastKnownFileType = sourcecode.swift; path = "CEWorkspaceFileManager+FileManagement.swift"; sourceTree = "<group>"; };
		A73C01126192D6B821C3FBE1 /* TextTableViewCell.swift */ = {isa = PBXFileReference; lastKnownFileType = sourcecode.swift; path = TextTableViewCell.swift; sourceTree = "<group>"; };
		A73F3A06EFD58F9BB49939AB /* BonsplitBridge.swift */ = {isa = PBXFileReference; lastKnownFileType = sourcecode.swift; path = BonsplitBridge.swift; sourceTree = "<group>"; };
		A99E9311E7D20849B09A27D0 /* Assets.xcassets */ = {isa = PBXFileReference; lastKnownFileType = folder.assetcatalog; path = Assets.xcassets; sourceTree = "<group>"; };
		AD93BCF96F8E85B00F773337 /* ExcalidrawViewer.swift */ = {isa = PBXFileReference; lastKnownFileType = sourcecode.swift; path = ExcalidrawViewer.swift; sourceTree = "<group>"; };
		B16B2F5FC7DBD55D18740806 /* CloseProtection.swift */ = {isa = PBXFileReference; lastKnownFileType = sourcecode.swift; path = CloseProtection.swift; sourceTree = "<group>"; };
		B52D6AAC9967E2036F524B91 /* ContentView.swift */ = {isa = PBXFileReference; lastKnownFileType = sourcecode.swift; path = ContentView.swift; sourceTree = "<group>"; };
		B62D358B4D39E089035D5C94 /* FileItem.swift */ = {isa = PBXFileReference; lastKnownFileType = sourcecode.swift; path = FileItem.swift; sourceTree = "<group>"; };
		B64386233001CAFCDF131C27 /* MainContentArea.swift */ = {isa = PBXFileReference; lastKnownFileType = sourcecode.swift; path = MainContentArea.swift; sourceTree = "<group>"; };
		C3F5DDEA2D3D7412B802DC7E /* ProjectNavigatorNSOutlineView.swift */ = {isa = PBXFileReference; lastKnownFileType = sourcecode.swift; path = ProjectNavigatorNSOutlineView.swift; sourceTree = "<group>"; };
		C82C2FB5AB2DFE9AFBAD8305 /* TerminalView.swift */ = {isa = PBXFileReference; lastKnownFileType = sourcecode.swift; path = TerminalView.swift; sourceTree = "<group>"; };
		CF5BDA0D91882E19997A60C4 /* AppState.swift */ = {isa = PBXFileReference; lastKnownFileType = sourcecode.swift; path = AppState.swift; sourceTree = "<group>"; };
		D8220CB15037D5F5636A2863 /* excalidraw.html */ = {isa = PBXFileReference; lastKnownFileType = text.html; path = excalidraw.html; sourceTree = "<group>"; };
		DADED67C8C1FA96929228E8E /* WorkspaceStore.swift */ = {isa = PBXFileReference; lastKnownFileType = sourcecode.swift; path = WorkspaceStore.swift; sourceTree = "<group>"; };
		DC7D6AFAD4DB46FB80650193 /* FileSystemTableViewCell.swift */ = {isa = PBXFileReference; lastKnownFileType = sourcecode.swift; path = FileSystemTableViewCell.swift; sourceTree = "<group>"; };
		DD46153570F741B9AC84FF17 /* StandardTableViewCell.swift */ = {isa = PBXFileReference; lastKnownFileType = sourcecode.swift; path = StandardTableViewCell.swift; sourceTree = "<group>"; };
		DDD4F14EF005E20E271FAC11 /* TerminalSession.swift */ = {isa = PBXFileReference; lastKnownFileType = sourcecode.swift; path = TerminalSession.swift; sourceTree = "<group>"; };
		E12F526BF85595F4F2377633 /* GlacierCommands.swift */ = {isa = PBXFileReference; lastKnownFileType = sourcecode.swift; path = GlacierCommands.swift; sourceTree = "<group>"; };
		E9131023EDD37258AA6A8443 /* GuardedTerminalView.swift */ = {isa = PBXFileReference; lastKnownFileType = sourcecode.swift; path = GuardedTerminalView.swift; sourceTree = "<group>"; };
		E9FC3C49D5662DFF52FB6D2D /* FileViewerRouter.swift */ = {isa = PBXFileReference; lastKnownFileType = sourcecode.swift; path = FileViewerRouter.swift; sourceTree = "<group>"; };
		EC85B918140EBDA7A4BAFD8D /* FocusedAppState.swift */ = {isa = PBXFileReference; lastKnownFileType = sourcecode.swift; path = FocusedAppState.swift; sourceTree = "<group>"; };
		F3F6A5D372E2CFEC9B0870A6 /* ProjectNavigatorMenu.swift */ = {isa = PBXFileReference; lastKnownFileType = sourcecode.swift; path = ProjectNavigatorMenu.swift; sourceTree = "<group>"; };
		F80AC125D3152A7106A12278 /* DebugUITest.swift */ = {isa = PBXFileReference; lastKnownFileType = sourcecode.swift; path = DebugUITest.swift; sourceTree = "<group>"; };
		FA0CCCF7EE301B668EC74F41 /* CEWorkspaceFile+Recursion.swift */ = {isa = PBXFileReference; lastKnownFileType = sourcecode.swift; path = "CEWorkspaceFile+Recursion.swift"; sourceTree = "<group>"; };
		FD16E5ED6167806BBF67DE17 /* ProjectNavigatorViewController+NSMenuDelegate.swift */ = {isa = PBXFileReference; lastKnownFileType = sourcecode.swift; path = "ProjectNavigatorViewController+NSMenuDelegate.swift"; sourceTree = "<group>"; };
/* End PBXFileReference section */

/* Begin PBXFrameworksBuildPhase section */
		885F3BB9C1B7D0A0B31D2553 /* Frameworks */ = {
			isa = PBXFrameworksBuildPhase;
			buildActionMask = 2147483647;
			files = (
				4A7E90682365AA3E9308567F /* SwiftTerm in Frameworks */,
				C32BDFB0AFEB2BFF1B35B299 /* MarkdownEditor in Frameworks */,
				A3A06F57A48C0D68D12F3886 /* Bonsplit in Frameworks */,
				8955035E6CA783D4A80D5044 /* MarkdownUI in Frameworks */,
			);
			runOnlyForDeploymentPostprocessing = 0;
		};
/* End PBXFrameworksBuildPhase section */

/* Begin PBXGroup section */
		14DA57EC1E89113B7CCF655E /* GlacierUITests */ = {
			isa = PBXGroup;
			children = (
				F80AC125D3152A7106A12278 /* DebugUITest.swift */,
				0D81BBD5295115516404E8E3 /* FileTreeHotReloadTests.swift */,
				13B0D61C62ECFEB156627C8F /* GitGraphScreenshotTests.swift */,
				214D16911A5FB7FC000483E8 /* GlacierUITests.swift */,
				29A928CAF4BF8420D26624D4 /* Info.plist */,
			);
			path = GlacierUITests;
			sourceTree = "<group>";
		};
		155270A192FB556B8CA19904 /* Cells */ = {
			isa = PBXGroup;
			children = (
				DC7D6AFAD4DB46FB80650193 /* FileSystemTableViewCell.swift */,
				DD46153570F741B9AC84FF17 /* StandardTableViewCell.swift */,
				A73C01126192D6B821C3FBE1 /* TextTableViewCell.swift */,
			);
			path = Cells;
			sourceTree = "<group>";
		};
		1A9AFD256F9A10965BD488C5 /* Resources */ = {
			isa = PBXGroup;
			children = (
				D8220CB15037D5F5636A2863 /* excalidraw.html */,
				624C6EB480F5ACF0DA3AE052 /* excalidraw.min.js */,
				05B63625B790B145C2A415C4 /* markwhen.html */,
				9473C6D8C1A5E7EBD9E4230D /* react-dom.min.js */,
				4AB76542D0D42359BD5CB051 /* react.min.js */,
			);
			path = Resources;
			sourceTree = "<group>";
		};
		2869AE08A908168CF17E9C49 /* Models */ = {
			isa = PBXGroup;
			children = (
				B62D358B4D39E089035D5C94 /* FileItem.swift */,
				6F637D0BFFB5C3A06AC1555C /* FileTypeRegistry.swift */,
			);
			path = Models;
			sourceTree = "<group>";
		};
		323B722C4442D0B000834330 /* Features */ = {
			isa = PBXGroup;
			children = (
				CB22836B08C1176E08747296 /* Editor */,
				BC8B5A4E36304853EFCE6D14 /* Explorer */,
				F674166F5C63411D2B06EF32 /* Terminal */,
				61CDB4CCCF2551D49415E631 /* Viewers */,
			);
			path = Features;
			sourceTree = "<group>";
		};
		370EFBB59500F603A347E19E /* Packages */ = {
			isa = PBXGroup;
			children = (
				1A17D79AB8D032901E5BCB73 /* MarkdownEditor */,
			);
			path = Packages;
			sourceTree = "<group>";
		};
		4DD7E13D80500FD699453A36 /* Sidebar */ = {
			isa = PBXGroup;
			children = (
				F3F6A5D372E2CFEC9B0870A6 /* ProjectNavigatorMenu.swift */,
				A12DC6770E2AB95E55F015D4 /* ProjectNavigatorMenuActions.swift */,
				C3F5DDEA2D3D7412B802DC7E /* ProjectNavigatorNSOutlineView.swift */,
				73963AF80EF55ECD6CBB5769 /* ProjectNavigatorOutlineView.swift */,
				346AA22F51400F6E4139A547 /* ProjectNavigatorTableViewCell.swift */,
				52CE98B3AC056372EBC0D8C1 /* ProjectNavigatorViewController.swift */,
				FD16E5ED6167806BBF67DE17 /* ProjectNavigatorViewController+NSMenuDelegate.swift */,
				41CEBE8CFB08BDAAA22E4737 /* ProjectNavigatorViewController+NSOutlineViewDataSource.swift */,
				19CA19F774EC7A60A361E5A2 /* ProjectNavigatorViewController+NSOutlineViewDelegate.swift */,
				8747D4D06D7DFF4951EA81BE /* ProjectNavigatorViewController+OutlineTableViewCellDelegate.swift */,
				50B7EDB6668EF9B08963F6F2 /* SidebarHost.swift */,
			);
			path = Sidebar;
			sourceTree = "<group>";
		};
		61CDB4CCCF2551D49415E631 /* Viewers */ = {
			isa = PBXGroup;
			children = (
				AD93BCF96F8E85B00F773337 /* ExcalidrawViewer.swift */,
				E9FC3C49D5662DFF52FB6D2D /* FileViewerRouter.swift */,
				514C6B81CB9C5AA52346DB3E /* ImageViewerView.swift */,
				2DD709CA26EBB6B19BFEFA3E /* LocalFileImageProvider.swift */,
				867E85D4AAF4156C80D6179F /* MarkdownPreviewView.swift */,
				437EB39A577C8748E86A603E /* MarkdownSourceTextView.swift */,
				08B57A35779CE554895583FD /* MarkwhenViewer.swift */,
				57BF7FC57F6055A25AC0814C /* PDFViewerView.swift */,
				A47CBAE36C3E3C8F27FFF08C /* TextEditorView.swift */,
				1E97B9A4AC248E009726AB21 /* VideoViewerView.swift */,
			);
			path = Viewers;
			sourceTree = "<group>";
		};
		651D1F9C0391B9EC5D18BA46 = {
			isa = PBXGroup;
			children = (
				91DCC4CB73D553623F07A1BA /* Glacier */,
				14DA57EC1E89113B7CCF655E /* GlacierUITests */,
				370EFBB59500F603A347E19E /* Packages */,
				BDB96C959EBD3A62FA792C3F /* Products */,
			);
			sourceTree = "<group>";
		};
		91DCC4CB73D553623F07A1BA /* Glacier */ = {
			isa = PBXGroup;
			children = (
				AD51EA4E3B1D40DEABB3BF4E /* App */,
				FE196AB1784B8959A491B306 /* Core */,
				323B722C4442D0B000834330 /* Features */,
				1A9AFD256F9A10965BD488C5 /* Resources */,
				A99E9311E7D20849B09A27D0 /* Assets.xcassets */,
				525B6E4CCA234E9F6D2D7EE2 /* Glacier.entitlements */,
				798B7369CB1C69CD948799C7 /* Info.plist */,
			);
			path = Glacier;
			sourceTree = "<group>";
		};
		9482FF661724D73D296F7047 /* Theme */ = {
			isa = PBXGroup;
			children = (
				01ED4B70F8C1994C7F03C137 /* Theme.swift */,
			);
			path = Theme;
			sourceTree = "<group>";
		};
		AD51EA4E3B1D40DEABB3BF4E /* App */ = {
			isa = PBXGroup;
			children = (
				CF5BDA0D91882E19997A60C4 /* AppState.swift */,
				B16B2F5FC7DBD55D18740806 /* CloseProtection.swift */,
				B52D6AAC9967E2036F524B91 /* ContentView.swift */,
				EC85B918140EBDA7A4BAFD8D /* FocusedAppState.swift */,
				5944FC51D64A920B0E52E5F0 /* GlacierApp.swift */,
				E12F526BF85595F4F2377633 /* GlacierCommands.swift */,
				DDD4F14EF005E20E271FAC11 /* TerminalSession.swift */,
				6D8E8CF3EC6157DE36450FAE /* WindowConfigurator.swift */,
				DADED67C8C1FA96929228E8E /* WorkspaceStore.swift */,
			);
			path = App;
			sourceTree = "<group>";
		};
		AD779273C80104F211064E9D /* Files */ = {
			isa = PBXGroup;
			children = (
				4D8BD63D067881BEA07D20CA /* CEWorkspaceFile.swift */,
				FA0CCCF7EE301B668EC74F41 /* CEWorkspaceFile+Recursion.swift */,
				873020AABC1F3C56184EFFC8 /* CEWorkspaceFileIcon.swift */,
				009701A9AFAE94A8D3AD0701 /* CEWorkspaceFileManager.swift */,
				0B2FFCCD2A7E2106D85209B0 /* CEWorkspaceFileManager+DirectoryEvents.swift */,
				45FA871BA50F9EC456696EF1 /* CEWorkspaceFileManager+Error.swift */,
				A68A9003D85E44EEC8312C8B /* CEWorkspaceFileManager+FileManagement.swift */,
				4F1804E67C0C272D606AAF2B /* DirectoryEventStream.swift */,
			);
			path = Files;
			sourceTree = "<group>";
		};
		BC8B5A4E36304853EFCE6D14 /* Explorer */ = {
			isa = PBXGroup;
			children = (
				155270A192FB556B8CA19904 /* Cells */,
				4DD7E13D80500FD699453A36 /* Sidebar */,
				623249D019FA8412880434CB /* ExplorerView.swift */,
				A29835D7429DEB0C2E24968D /* WorkspaceSwitcherView.swift */,
			);
			path = Explorer;
			sourceTree = "<group>";
		};
		BDB96C959EBD3A62FA792C3F /* Products */ = {
			isa = PBXGroup;
			children = (
				8D84D6DA96169DD668395E25 /* Glacier.app */,
				A64424275D2FFF6780CBB0D8 /* GlacierUITests.xctest */,
			);
			name = Products;
			sourceTree = "<group>";
		};
		CB22836B08C1176E08747296 /* Editor */ = {
			isa = PBXGroup;
			children = (
				A73F3A06EFD58F9BB49939AB /* BonsplitBridge.swift */,
				B64386233001CAFCDF131C27 /* MainContentArea.swift */,
			);
			path = Editor;
			sourceTree = "<group>";
		};
		E11A3D81B42656F350321176 /* Services */ = {
			isa = PBXGroup;
			children = (
				4576EACAE58F9517F77555F0 /* FileService.swift */,
				1D18FBC0FF11123033274329 /* SyntaxHighlighter.swift */,
			);
			path = Services;
			sourceTree = "<group>";
		};
		F674166F5C63411D2B06EF32 /* Terminal */ = {
			isa = PBXGroup;
			children = (
				E9131023EDD37258AA6A8443 /* GuardedTerminalView.swift */,
				C82C2FB5AB2DFE9AFBAD8305 /* TerminalView.swift */,
				27E564E480C4BD29A5AD46CC /* TerminalViewCache.swift */,
			);
			path = Terminal;
			sourceTree = "<group>";
		};
		FE196AB1784B8959A491B306 /* Core */ = {
			isa = PBXGroup;
			children = (
				AD779273C80104F211064E9D /* Files */,
				2869AE08A908168CF17E9C49 /* Models */,
				E11A3D81B42656F350321176 /* Services */,
				9482FF661724D73D296F7047 /* Theme */,
			);
			path = Core;
			sourceTree = "<group>";
		};
/* End PBXGroup section */

/* Begin PBXNativeTarget section */
		24E80CB72AC85BC2B836EFCC /* GlacierUITests */ = {
			isa = PBXNativeTarget;
			buildConfigurationList = B655067197528B89942081BD /* Build configuration list for PBXNativeTarget "GlacierUITests" */;
			buildPhases = (
				FB4D2EA792943B32BE2A50C9 /* Sources */,
			);
			buildRules = (
			);
			dependencies = (
				0F022214DD2658BBCA8554ED /* PBXTargetDependency */,
			);
			name = GlacierUITests;
			packageProductDependencies = (
			);
			productName = GlacierUITests;
			productReference = A64424275D2FFF6780CBB0D8 /* GlacierUITests.xctest */;
			productType = "com.apple.product-type.bundle.ui-testing";
		};
		7670F3100B27B0C7938766C0 /* Glacier */ = {
			isa = PBXNativeTarget;
			buildConfigurationList = F10CEC9B3CB1AB9A7BD891D0 /* Build configuration list for PBXNativeTarget "Glacier" */;
			buildPhases = (
				2B7D1FE3A1CAD13E0B573A08 /* Sources */,
				FAC9CEEB3AC411365B707801 /* Resources */,
				885F3BB9C1B7D0A0B31D2553 /* Frameworks */,
			);
			buildRules = (
			);
			dependencies = (
			);
			name = Glacier;
			packageProductDependencies = (
				7613E683B9B6635224D3B6A3 /* SwiftTerm */,
				11B4DDFDE6DA19E65DD5D99B /* MarkdownEditor */,
				E174CFBECB932DECB41F68EA /* Bonsplit */,
				99F0BD586EDD71AFD30060D7 /* MarkdownUI */,
			);
			productName = Glacier;
			productReference = 8D84D6DA96169DD668395E25 /* Glacier.app */;
			productType = "com.apple.product-type.application";
		};
/* End PBXNativeTarget section */

/* Begin PBXProject section */
		AF54EF5E4ABFD35DF2BFDB32 /* Project object */ = {
			isa = PBXProject;
			attributes = {
				BuildIndependentTargetsInParallel = YES;
				LastUpgradeCheck = 2600;
				TargetAttributes = {
					24E80CB72AC85BC2B836EFCC = {
						DevelopmentTeam = "";
						ProvisioningStyle = Manual;
						TestTargetID = 7670F3100B27B0C7938766C0;
					};
					7670F3100B27B0C7938766C0 = {
						DevelopmentTeam = "";
						ProvisioningStyle = Manual;
					};
				};
			};
			buildConfigurationList = 226D14CED95597CACEFC054A /* Build configuration list for PBXProject "Glacier" */;
			compatibilityVersion = "Xcode 14.0";
			developmentRegion = en;
			hasScannedForEncodings = 0;
			knownRegions = (
				Base,
				en,
			);
			mainGroup = 651D1F9C0391B9EC5D18BA46;
			minimizedProjectReferenceProxies = 1;
			packageReferences = (
				37EE6E2F744703B3BBEF1891 /* XCRemoteSwiftPackageReference "bonsplit" */,
				272E0A69ACC24CAD7A522666 /* XCRemoteSwiftPackageReference "swift-markdown-ui" */,
				09FEC232195B97195C29C32B /* XCRemoteSwiftPackageReference "SwiftTerm" */,
				D3B16B259E0277B86AD18AC9 /* XCLocalSwiftPackageReference "Packages/MarkdownEditor" */,
			);
			preferredProjectObjectVersion = 54;
			projectDirPath = "";
			projectRoot = "";
			targets = (
				7670F3100B27B0C7938766C0 /* Glacier */,
				24E80CB72AC85BC2B836EFCC /* GlacierUITests */,
			);
		};
/* End PBXProject section */

/* Begin PBXResourcesBuildPhase section */
		FAC9CEEB3AC411365B707801 /* Resources */ = {
			isa = PBXResourcesBuildPhase;
			buildActionMask = 2147483647;
			files = (
				4976F1FE12DB6E8D19B21FF3 /* Assets.xcassets in Resources */,
				9152FE11163F516D585FA849 /* excalidraw.html in Resources */,
				2A4702E37E4FC2E93A17C393 /* excalidraw.min.js in Resources */,
				ADF46CC7F5D9737058772A88 /* markwhen.html in Resources */,
				652D9030B6C14091D48D31A9 /* react-dom.min.js in Resources */,
				CAE03A9BF58603515DC4C5E1 /* react.min.js in Resources */,
			);
			runOnlyForDeploymentPostprocessing = 0;
		};
/* End PBXResourcesBuildPhase section */

/* Begin PBXSourcesBuildPhase section */
		2B7D1FE3A1CAD13E0B573A08 /* Sources */ = {
			isa = PBXSourcesBuildPhase;
			buildActionMask = 2147483647;
			files = (
				978D445809AD3EF3FED7B552 /* AppState.swift in Sources */,
				EEC2B562198FDA4BD86B3D83 /* BonsplitBridge.swift in Sources */,
				9C4206182A5173ED1DDF1213 /* CEWorkspaceFile+Recursion.swift in Sources */,
				291F2D96F367554658A29921 /* CEWorkspaceFile.swift in Sources */,
				B20E90708476063002B5CBAD /* CEWorkspaceFileIcon.swift in Sources */,
				709E65302571743A0A926681 /* CEWorkspaceFileManager+DirectoryEvents.swift in Sources */,
				D374AF32D211D0442ED8C2BF /* CEWorkspaceFileManager+Error.swift in Sources */,
				6583AF77B9E9B47EC7414435 /* CEWorkspaceFileManager+FileManagement.swift in Sources */,
				D888BD036662E680AD04C1C1 /* CEWorkspaceFileManager.swift in Sources */,
				0E2F3A41D5126595F9F89BEF /* CloseProtection.swift in Sources */,
				939FFD364A1F541038A0B479 /* ContentView.swift in Sources */,
				80A452956949A5B358E00437 /* DirectoryEventStream.swift in Sources */,
				441C2863B2D58D883B160C5C /* ExcalidrawViewer.swift in Sources */,
				BBBF864E4057B1D41C4ADE5D /* ExplorerView.swift in Sources */,
				9EE4F8D1E4C6B1FCAE4EE521 /* FileItem.swift in Sources */,
				66E686EFCC52B01B5152BFE0 /* FileService.swift in Sources */,
				A5F353AA797B01E6ACA1AB81 /* FileSystemTableViewCell.swift in Sources */,
				9CCCE74E801685099345E041 /* FileTypeRegistry.swift in Sources */,
				D4A2C2AD9B128971DEFAE880 /* FileViewerRouter.swift in Sources */,
				71A63D9F94BC4DE15D639984 /* FocusedAppState.swift in Sources */,
				17AA8CAE714DA3BD729D6700 /* GlacierApp.swift in Sources */,
				779EBCEE08533E2847A2A7FC /* GlacierCommands.swift in Sources */,
				E0DDD3F98649C0EFD926E828 /* GuardedTerminalView.swift in Sources */,
				9A7BF0A8BBF368DB731D0B98 /* ImageViewerView.swift in Sources */,
				92C21F2F5BA2F1D184D5E142 /* LocalFileImageProvider.swift in Sources */,
				DD3B40C53ADCE702E0B8D654 /* MainContentArea.swift in Sources */,
				48B0354A4DBC5AF642B737C7 /* MarkdownPreviewView.swift in Sources */,
				092AE5153530335310F970D2 /* MarkdownSourceTextView.swift in Sources */,
				486363E60CC90163FBA37CF1 /* MarkwhenViewer.swift in Sources */,
				E9B15CC4646E60DBF9C5FEA2 /* PDFViewerView.swift in Sources */,
				B8EC9AB191E072589920AEAA /* ProjectNavigatorMenu.swift in Sources */,
				81B5FD6BCF403DA00ED8C1F8 /* ProjectNavigatorMenuActions.swift in Sources */,
				E36D3FD562393FACA81A135F /* ProjectNavigatorNSOutlineView.swift in Sources */,
				F5AC0DC03770970FB13C8413 /* ProjectNavigatorOutlineView.swift in Sources */,
				BFD1E3B65277BED37735FC1A /* ProjectNavigatorTableViewCell.swift in Sources */,
				6EE5FB445E29ECE1B63EC018 /* ProjectNavigatorViewController+NSMenuDelegate.swift in Sources */,
				E272E5E6331C5F5B03EB3734 /* ProjectNavigatorViewController+NSOutlineViewDataSource.swift in Sources */,
				BB6CB2866BA17826D3EAA109 /* ProjectNavigatorViewController+NSOutlineViewDelegate.swift in Sources */,
				11CAB4D346C4E14647905D2C /* ProjectNavigatorViewController+OutlineTableViewCellDelegate.swift in Sources */,
				5396CB54C1F070ECCAD813CB /* ProjectNavigatorViewController.swift in Sources */,
				2F2C86432E6702D3D43A0DF3 /* SidebarHost.swift in Sources */,
				F98C4CA11A23A1B10B4706F4 /* StandardTableViewCell.swift in Sources */,
				26E37FC3639099962A77591E /* SyntaxHighlighter.swift in Sources */,
				F4363502A8B5B4B334A4A3C0 /* TerminalSession.swift in Sources */,
				5ABADD52AE8E7A50014B3FF5 /* TerminalView.swift in Sources */,
				609281CF16DD8030B821F72B /* TerminalViewCache.swift in Sources */,
				3801D7A29E111553A0DE6F01 /* TextEditorView.swift in Sources */,
				A2D5752276D6B50A4912BED8 /* TextTableViewCell.swift in Sources */,
				2C954F4E126957730B15E04A /* Theme.swift in Sources */,
				9946E9550F93000A989EE753 /* VideoViewerView.swift in Sources */,
				5F2E9526B99CBEC86091EB90 /* WindowConfigurator.swift in Sources */,
				AF7865A52A536343A2C2059E /* WorkspaceStore.swift in Sources */,
				9C903CDCE697EB106550775E /* WorkspaceSwitcherView.swift in Sources */,
			);
			runOnlyForDeploymentPostprocessing = 0;
		};
		FB4D2EA792943B32BE2A50C9 /* Sources */ = {
			isa = PBXSourcesBuildPhase;
			buildActionMask = 2147483647;
			files = (
				7F3295DBCA75CFB816671B56 /* DebugUITest.swift in Sources */,
				8AFD9A9AF4CCCC5D1AF4A30B /* FileTreeHotReloadTests.swift in Sources */,
				86780A6E803E66D9C7B5C566 /* GitGraphScreenshotTests.swift in Sources */,
				9E8073F11196A309F96DA380 /* GlacierUITests.swift in Sources */,
			);
			runOnlyForDeploymentPostprocessing = 0;
		};
/* End PBXSourcesBuildPhase section */

/* Begin PBXTargetDependency section */
		0F022214DD2658BBCA8554ED /* PBXTargetDependency */ = {
			isa = PBXTargetDependency;
			target = 7670F3100B27B0C7938766C0 /* Glacier */;
			targetProxy = 0F85BEC567576C00F6773BD0 /* PBXContainerItemProxy */;
		};
/* End PBXTargetDependency section */

/* Begin XCBuildConfiguration section */
		27D40E4774E49E4007489FE6 /* Debug */ = {
			isa = XCBuildConfiguration;
			buildSettings = {
				BUNDLE_LOADER = "$(TEST_HOST)";
				CODE_SIGN_IDENTITY = "-";
				CODE_SIGN_STYLE = Manual;
				COMBINE_HIDPI_IMAGES = YES;
				ENABLE_HARDENED_RUNTIME = NO;
				INFOPLIST_FILE = GlacierUITests/Info.plist;
				LD_RUNPATH_SEARCH_PATHS = (
					"$(inherited)",
					"@executable_path/Frameworks",
					"@loader_path/Frameworks",
				);
				MACOSX_DEPLOYMENT_TARGET = 26.0;
				PRODUCT_BUNDLE_IDENTIFIER = com.jfrech.GlacierUITests;
				SDKROOT = macosx;
				SWIFT_STRICT_CONCURRENCY = minimal;
				TEST_TARGET_NAME = Glacier;
			};
			name = Debug;
		};
		29BCF661136068E7DAB585D2 /* Release */ = {
			isa = XCBuildConfiguration;
			buildSettings = {
				ALWAYS_SEARCH_USER_PATHS = NO;
				CLANG_ANALYZER_NONNULL = YES;
				CLANG_ANALYZER_NUMBER_OBJECT_CONVERSION = YES_AGGRESSIVE;
				CLANG_CXX_LANGUAGE_STANDARD = "gnu++14";
				CLANG_CXX_LIBRARY = "libc++";
				CLANG_ENABLE_MODULES = YES;
				CLANG_ENABLE_OBJC_ARC = YES;
				CLANG_ENABLE_OBJC_WEAK = YES;
				CLANG_WARN_BLOCK_CAPTURE_AUTORELEASING = YES;
				CLANG_WARN_BOOL_CONVERSION = YES;
				CLANG_WARN_COMMA = YES;
				CLANG_WARN_CONSTANT_CONVERSION = YES;
				CLANG_WARN_DEPRECATED_OBJC_IMPLEMENTATIONS = YES;
				CLANG_WARN_DIRECT_OBJC_ISA_USAGE = YES_ERROR;
				CLANG_WARN_DOCUMENTATION_COMMENTS = YES;
				CLANG_WARN_EMPTY_BODY = YES;
				CLANG_WARN_ENUM_CONVERSION = YES;
				CLANG_WARN_INFINITE_RECURSION = YES;
				CLANG_WARN_INT_CONVERSION = YES;
				CLANG_WARN_NON_LITERAL_NULL_CONVERSION = YES;
				CLANG_WARN_OBJC_IMPLICIT_RETAIN_SELF = YES;
				CLANG_WARN_OBJC_LITERAL_CONVERSION = YES;
				CLANG_WARN_OBJC_ROOT_CLASS = YES_ERROR;
				CLANG_WARN_QUOTED_INCLUDE_IN_FRAMEWORK_HEADER = YES;
				CLANG_WARN_RANGE_LOOP_ANALYSIS = YES;
				CLANG_WARN_STRICT_PROTOTYPES = YES;
				CLANG_WARN_SUSPICIOUS_MOVE = YES;
				CLANG_WARN_UNGUARDED_AVAILABILITY = YES_AGGRESSIVE;
				CLANG_WARN_UNREACHABLE_CODE = YES;
				CLANG_WARN__DUPLICATE_METHOD_MATCH = YES;
				CODE_SIGN_IDENTITY = "-";
				CODE_SIGN_STYLE = Manual;
				COPY_PHASE_STRIP = NO;
				DEBUG_INFORMATION_FORMAT = dwarf;
				DEVELOPMENT_TEAM = "";
				ENABLE_HARDENED_RUNTIME = NO;
				ENABLE_NS_ASSERTIONS = NO;
				ENABLE_STRICT_OBJC_MSGSEND = YES;
				ENABLE_TESTABILITY = YES;
				GCC_C_LANGUAGE_STANDARD = gnu11;
				GCC_NO_COMMON_BLOCKS = YES;
				GCC_OPTIMIZATION_LEVEL = 0;
				GCC_WARN_64_TO_32_BIT_CONVERSION = YES;
				GCC_WARN_ABOUT_RETURN_TYPE = YES_ERROR;
				GCC_WARN_UNDECLARED_SELECTOR = YES;
				GCC_WARN_UNINITIALIZED_AUTOS = YES_AGGRESSIVE;
				GCC_WARN_UNUSED_FUNCTION = YES;
				GCC_WARN_UNUSED_VARIABLE = YES;
				MACOSX_DEPLOYMENT_TARGET = 26.0;
				MTL_ENABLE_DEBUG_INFO = NO;
				MTL_FAST_MATH = YES;
				PRODUCT_NAME = "$(TARGET_NAME)";
				SDKROOT = macosx;
				SWIFT_COMPILATION_MODE = wholemodule;
				SWIFT_OPTIMIZATION_LEVEL = "-Onone";
				SWIFT_VERSION = 6.0;
			};
			name = Release;
		};
		36784BEE6A5D5F69FA791E24 /* Release */ = {
			isa = XCBuildConfiguration;
			buildSettings = {
				BUNDLE_LOADER = "$(TEST_HOST)";
				CODE_SIGN_IDENTITY = "-";
				CODE_SIGN_STYLE = Manual;
				COMBINE_HIDPI_IMAGES = YES;
				ENABLE_HARDENED_RUNTIME = NO;
				INFOPLIST_FILE = GlacierUITests/Info.plist;
				LD_RUNPATH_SEARCH_PATHS = (
					"$(inherited)",
					"@executable_path/Frameworks",
					"@loader_path/Frameworks",
				);
				MACOSX_DEPLOYMENT_TARGET = 26.0;
				PRODUCT_BUNDLE_IDENTIFIER = com.jfrech.GlacierUITests;
				SDKROOT = macosx;
				SWIFT_STRICT_CONCURRENCY = minimal;
				TEST_TARGET_NAME = Glacier;
			};
			name = Release;
		};
		3A399AD06F1DF8BBBE986FFA /* Debug */ = {
			isa = XCBuildConfiguration;
			buildSettings = {
				ASSETCATALOG_COMPILER_APPICON_NAME = AppIcon;
				CODE_SIGN_ENTITLEMENTS = Glacier/Glacier.entitlements;
				COMBINE_HIDPI_IMAGES = YES;
				INFOPLIST_FILE = Glacier/Info.plist;
				LD_RUNPATH_SEARCH_PATHS = (
					"$(inherited)",
					"@executable_path/../Frameworks",
				);
				MACOSX_DEPLOYMENT_TARGET = 26.0;
				PRODUCT_BUNDLE_IDENTIFIER = com.jfrech.Glacier;
				SDKROOT = macosx;
				SWIFT_STRICT_CONCURRENCY = minimal;
			};
			name = Debug;
		};
		3DC618265B8397B3C17577DE /* Release */ = {
			isa = XCBuildConfiguration;
			buildSettings = {
				ASSETCATALOG_COMPILER_APPICON_NAME = AppIcon;
				CODE_SIGN_ENTITLEMENTS = Glacier/Glacier.entitlements;
				COMBINE_HIDPI_IMAGES = YES;
				INFOPLIST_FILE = Glacier/Info.plist;
				LD_RUNPATH_SEARCH_PATHS = (
					"$(inherited)",
					"@executable_path/../Frameworks",
				);
				MACOSX_DEPLOYMENT_TARGET = 26.0;
				PRODUCT_BUNDLE_IDENTIFIER = com.jfrech.Glacier;
				SDKROOT = macosx;
				SWIFT_STRICT_CONCURRENCY = minimal;
			};
			name = Release;
		};
		5682EA93444B2A9C8C7C050B /* Debug */ = {
			isa = XCBuildConfiguration;
			buildSettings = {
				ALWAYS_SEARCH_USER_PATHS = NO;
				CLANG_ANALYZER_NONNULL = YES;
				CLANG_ANALYZER_NUMBER_OBJECT_CONVERSION = YES_AGGRESSIVE;
				CLANG_CXX_LANGUAGE_STANDARD = "gnu++14";
				CLANG_CXX_LIBRARY = "libc++";
				CLANG_ENABLE_MODULES = YES;
				CLANG_ENABLE_OBJC_ARC = YES;
				CLANG_ENABLE_OBJC_WEAK = YES;
				CLANG_WARN_BLOCK_CAPTURE_AUTORELEASING = YES;
				CLANG_WARN_BOOL_CONVERSION = YES;
				CLANG_WARN_COMMA = YES;
				CLANG_WARN_CONSTANT_CONVERSION = YES;
				CLANG_WARN_DEPRECATED_OBJC_IMPLEMENTATIONS = YES;
				CLANG_WARN_DIRECT_OBJC_ISA_USAGE = YES_ERROR;
				CLANG_WARN_DOCUMENTATION_COMMENTS = YES;
				CLANG_WARN_EMPTY_BODY = YES;
				CLANG_WARN_ENUM_CONVERSION = YES;
				CLANG_WARN_INFINITE_RECURSION = YES;
				CLANG_WARN_INT_CONVERSION = YES;
				CLANG_WARN_NON_LITERAL_NULL_CONVERSION = YES;
				CLANG_WARN_OBJC_IMPLICIT_RETAIN_SELF = YES;
				CLANG_WARN_OBJC_LITERAL_CONVERSION = YES;
				CLANG_WARN_OBJC_ROOT_CLASS = YES_ERROR;
				CLANG_WARN_QUOTED_INCLUDE_IN_FRAMEWORK_HEADER = YES;
				CLANG_WARN_RANGE_LOOP_ANALYSIS = YES;
				CLANG_WARN_STRICT_PROTOTYPES = YES;
				CLANG_WARN_SUSPICIOUS_MOVE = YES;
				CLANG_WARN_UNGUARDED_AVAILABILITY = YES_AGGRESSIVE;
				CLANG_WARN_UNREACHABLE_CODE = YES;
				CLANG_WARN__DUPLICATE_METHOD_MATCH = YES;
				CODE_SIGN_IDENTITY = "-";
				CODE_SIGN_STYLE = Manual;
				COPY_PHASE_STRIP = NO;
				DEBUG_INFORMATION_FORMAT = dwarf;
				DEVELOPMENT_TEAM = "";
				ENABLE_HARDENED_RUNTIME = NO;
				ENABLE_STRICT_OBJC_MSGSEND = YES;
				ENABLE_TESTABILITY = YES;
				GCC_C_LANGUAGE_STANDARD = gnu11;
				GCC_DYNAMIC_NO_PIC = NO;
				GCC_NO_COMMON_BLOCKS = YES;
				GCC_OPTIMIZATION_LEVEL = 0;
				GCC_PREPROCESSOR_DEFINITIONS = (
					"$(inherited)",
					"DEBUG=1",
				);
				GCC_WARN_64_TO_32_BIT_CONVERSION = YES;
				GCC_WARN_ABOUT_RETURN_TYPE = YES_ERROR;
				GCC_WARN_UNDECLARED_SELECTOR = YES;
				GCC_WARN_UNINITIALIZED_AUTOS = YES_AGGRESSIVE;
				GCC_WARN_UNUSED_FUNCTION = YES;
				GCC_WARN_UNUSED_VARIABLE = YES;
				MACOSX_DEPLOYMENT_TARGET = 26.0;
				MTL_ENABLE_DEBUG_INFO = INCLUDE_SOURCE;
				MTL_FAST_MATH = YES;
				ONLY_ACTIVE_ARCH = YES;
				PRODUCT_NAME = "$(TARGET_NAME)";
				SDKROOT = macosx;
				SWIFT_ACTIVE_COMPILATION_CONDITIONS = DEBUG;
				SWIFT_OPTIMIZATION_LEVEL = "-Onone";
				SWIFT_VERSION = 6.0;
			};
			name = Debug;
		};
/* End XCBuildConfiguration section */

/* Begin XCConfigurationList section */
		226D14CED95597CACEFC054A /* Build configuration list for PBXProject "Glacier" */ = {
			isa = XCConfigurationList;
			buildConfigurations = (
				5682EA93444B2A9C8C7C050B /* Debug */,
				29BCF661136068E7DAB585D2 /* Release */,
			);
			defaultConfigurationIsVisible = 0;
			defaultConfigurationName = Debug;
		};
		B655067197528B89942081BD /* Build configuration list for PBXNativeTarget "GlacierUITests" */ = {
			isa = XCConfigurationList;
			buildConfigurations = (
				27D40E4774E49E4007489FE6 /* Debug */,
				36784BEE6A5D5F69FA791E24 /* Release */,
			);
			defaultConfigurationIsVisible = 0;
			defaultConfigurationName = Debug;
		};
		F10CEC9B3CB1AB9A7BD891D0 /* Build configuration list for PBXNativeTarget "Glacier" */ = {
			isa = XCConfigurationList;
			buildConfigurations = (
				3A399AD06F1DF8BBBE986FFA /* Debug */,
				3DC618265B8397B3C17577DE /* Release */,
			);
			defaultConfigurationIsVisible = 0;
			defaultConfigurationName = Debug;
		};
/* End XCConfigurationList section */

/* Begin XCLocalSwiftPackageReference section */
		D3B16B259E0277B86AD18AC9 /* XCLocalSwiftPackageReference "Packages/MarkdownEditor" */ = {
			isa = XCLocalSwiftPackageReference;
			relativePath = Packages/MarkdownEditor;
		};
/* End XCLocalSwiftPackageReference section */

/* Begin XCRemoteSwiftPackageReference section */
		09FEC232195B97195C29C32B /* XCRemoteSwiftPackageReference "SwiftTerm" */ = {
			isa = XCRemoteSwiftPackageReference;
			repositoryURL = "https://github.com/migueldeicaza/SwiftTerm";
			requirement = {
				kind = upToNextMajorVersion;
				minimumVersion = 1.2.0;
			};
		};
		272E0A69ACC24CAD7A522666 /* XCRemoteSwiftPackageReference "swift-markdown-ui" */ = {
			isa = XCRemoteSwiftPackageReference;
			repositoryURL = "https://github.com/gonzalezreal/swift-markdown-ui";
			requirement = {
				kind = upToNextMajorVersion;
				minimumVersion = 2.4.1;
			};
		};
		37EE6E2F744703B3BBEF1891 /* XCRemoteSwiftPackageReference "bonsplit" */ = {
			isa = XCRemoteSwiftPackageReference;
			repositoryURL = "https://github.com/almonk/bonsplit";
			requirement = {
				kind = upToNextMajorVersion;
				minimumVersion = 1.1.1;
			};
		};
/* End XCRemoteSwiftPackageReference section */

/* Begin XCSwiftPackageProductDependency section */
		11B4DDFDE6DA19E65DD5D99B /* MarkdownEditor */ = {
			isa = XCSwiftPackageProductDependency;
			productName = MarkdownEditor;
		};
		7613E683B9B6635224D3B6A3 /* SwiftTerm */ = {
			isa = XCSwiftPackageProductDependency;
			package = 09FEC232195B97195C29C32B /* XCRemoteSwiftPackageReference "SwiftTerm" */;
			productName = SwiftTerm;
		};
		99F0BD586EDD71AFD30060D7 /* MarkdownUI */ = {
			isa = XCSwiftPackageProductDependency;
			package = 272E0A69ACC24CAD7A522666 /* XCRemoteSwiftPackageReference "swift-markdown-ui" */;
			productName = MarkdownUI;
		};
		E174CFBECB932DECB41F68EA /* Bonsplit */ = {
			isa = XCSwiftPackageProductDependency;
			package = 37EE6E2F744703B3BBEF1891 /* XCRemoteSwiftPackageReference "bonsplit" */;
			productName = Bonsplit;
		};
/* End XCSwiftPackageProductDependency section */
	};
	rootObject = AF54EF5E4ABFD35DF2BFDB32 /* Project object */;
}
